
Microsoft Visual Studio Solution File, Format Version 12.00
# Visual Studio Version 16
VisualStudioVersion = 16.0.31229.75
MinimumVisualStudioVersion = 10.0.40219.1
Project("{FAE04EC0-301F-11D3-BF4B-00C04F79EFBC}") = "Halı_Saha_Randevu_Otomasyonu", "HalıSahaOtomasyonu\Halı_Saha_Randevu_Otomasyonu.csproj", "{0CCC6CE9-1E95-43C6-B23F-7DA484DE9C9A}"
EndProject
Global
	GlobalSection(SolutionConfigurationPlatforms) = preSolution
		Debug|Any CPU = Debug|Any CPU
		Release|Any CPU = Release|Any CPU
	EndGlobalSection
	GlobalSection(ProjectConfigurationPlatforms) = postSolution
		{0CCC6CE9-1E95-43C6-B23F-7DA484DE9C9A}.Debug|Any CPU.ActiveCfg = Debug|Any CPU
		{0CCC6CE9-1E95-43C6-B23F-7DA484DE9C9A}.Debug|Any CPU.Build.0 = Debug|Any CPU
		{0CCC6CE9-1E95-43C6-B23F-7DA484DE9C9A}.Release|Any CPU.ActiveCfg = Release|Any CPU
		{0CCC6CE9-1E95-43C6-B23F-7DA484DE9C9A}.Release|Any CPU.Build.0 = Release|Any CPU
	EndGlobalSection
	GlobalSection(SolutionProperties) = preSolution
		HideSolutionNode = FALSE
	EndGlobalSection
	GlobalSection(ExtensibilityGlobals) = postSolution
		SolutionGuid = {3D080E45-9B85-4BF5-BBE1-E7E3B849E2CA}
	EndGlobalSection
EndGlobal
